
Microsoft Visual Studio Solution File, Format Version 12.00
# Visual Studio Version 17
VisualStudioVersion = 17.10.35122.118
MinimumVisualStudioVersion = 10.0.40219.1
Project("{9A19103F-16F7-4668-BE54-9A1E7A4F7556}") = "NSP.api", "NSP.api\NSP.api.csproj", "{1DBFFE5E-1E44-4F0A-B423-51BAC3D5497C}"
EndProject
Project("{9A19103F-16F7-4668-BE54-9A1E7A4F7556}") = "Platform", "Platform\Platform.csproj", "{9DF5FF88-58D0-4EC3-B74F-08E39BB18220}"
EndProject
Global
	GlobalSection(SolutionConfigurationPlatforms) = preSolution
		Debug|Any CPU = Debug|Any CPU
		Release|Any CPU = Release|Any CPU
	EndGlobalSection
	GlobalSection(ProjectConfigurationPlatforms) = postSolution
		{1DBFFE5E-1E44-4F0A-B423-51BAC3D5497C}.Debug|Any CPU.ActiveCfg = Debug|Any CPU
		{1DBFFE5E-1E44-4F0A-B423-51BAC3D5497C}.Debug|Any CPU.Build.0 = Debug|Any CPU
		{1DBFFE5E-1E44-4F0A-B423-51BAC3D5497C}.Release|Any CPU.ActiveCfg = Release|Any CPU
		{1DBFFE5E-1E44-4F0A-B423-51BAC3D5497C}.Release|Any CPU.Build.0 = Release|Any CPU
		{9DF5FF88-58D0-4EC3-B74F-08E39BB18220}.Debug|Any CPU.ActiveCfg = Debug|Any CPU
		{9DF5FF88-58D0-4EC3-B74F-08E39BB18220}.Debug|Any CPU.Build.0 = Debug|Any CPU
		{9DF5FF88-58D0-4EC3-B74F-08E39BB18220}.Release|Any CPU.ActiveCfg = Release|Any CPU
		{9DF5FF88-58D0-4EC3-B74F-08E39BB18220}.Release|Any CPU.Build.0 = Release|Any CPU
	EndGlobalSection
	GlobalSection(SolutionProperties) = preSolution
		HideSolutionNode = FALSE
	EndGlobalSection
	GlobalSection(ExtensibilityGlobals) = postSolution
		SolutionGuid = {77437DB2-C9B0-412B-A36B-10E07BA5B212}
	EndGlobalSection
EndGlobal
